
Microsoft Visual Studio Solution File, Format Version 12.00
# Visual Studio Version 16
VisualStudioVersion = 16.0.30804.86
MinimumVisualStudioVersion = 10.0.40219.1
Project("{FAE04EC0-301F-11D3-BF4B-00C04F79EFBC}") = "Day17Code", "Day17Code\Day17Code.csproj", "{BA53B818-ADC2-4B52-AB0F-CF6C20437AD8}"
EndProject
Global
	GlobalSection(SolutionConfigurationPlatforms) = preSolution
		Debug|Any CPU = Debug|Any CPU
		Release|Any CPU = Release|Any CPU
	EndGlobalSection
	GlobalSection(ProjectConfigurationPlatforms) = postSolution
		{BA53B818-ADC2-4B52-AB0F-CF6C20437AD8}.Debug|Any CPU.ActiveCfg = Debug|Any CPU
		{BA53B818-ADC2-4B52-AB0F-CF6C20437AD8}.Debug|Any CPU.Build.0 = Debug|Any CPU
		{BA53B818-ADC2-4B52-AB0F-CF6C20437AD8}.Release|Any CPU.ActiveCfg = Release|Any CPU
		{BA53B818-ADC2-4B52-AB0F-CF6C20437AD8}.Release|Any CPU.Build.0 = Release|Any CPU
	EndGlobalSection
	GlobalSection(SolutionProperties) = preSolution
		HideSolutionNode = FALSE
	EndGlobalSection
	GlobalSection(ExtensibilityGlobals) = postSolution
		SolutionGuid = {5FC76E0F-D14A-4976-A77C-3EE51375B975}
	EndGlobalSection
EndGlobal
