
Microsoft Visual Studio Solution File, Format Version 12.00
# Visual Studio Version 16
VisualStudioVersion = 16.0.30804.86
MinimumVisualStudioVersion = 10.0.40219.1
Project("{FAE04EC0-301F-11D3-BF4B-00C04F79EFBC}") = "Day24Tests", "Day24Tests\Day24Tests.csproj", "{119A5C45-80E7-48E9-AD92-AAAFBBABC0E7}"
EndProject
Global
	GlobalSection(SolutionConfigurationPlatforms) = preSolution
		Debug|Any CPU = Debug|Any CPU
		Release|Any CPU = Release|Any CPU
	EndGlobalSection
	GlobalSection(ProjectConfigurationPlatforms) = postSolution
		{119A5C45-80E7-48E9-AD92-AAAFBBABC0E7}.Debug|Any CPU.ActiveCfg = Debug|Any CPU
		{119A5C45-80E7-48E9-AD92-AAAFBBABC0E7}.Debug|Any CPU.Build.0 = Debug|Any CPU
		{119A5C45-80E7-48E9-AD92-AAAFBBABC0E7}.Release|Any CPU.ActiveCfg = Release|Any CPU
		{119A5C45-80E7-48E9-AD92-AAAFBBABC0E7}.Release|Any CPU.Build.0 = Release|Any CPU
	EndGlobalSection
	GlobalSection(SolutionProperties) = preSolution
		HideSolutionNode = FALSE
	EndGlobalSection
	GlobalSection(ExtensibilityGlobals) = postSolution
		SolutionGuid = {E382D3A6-6501-4CB4-B154-6A280AE10104}
	EndGlobalSection
EndGlobal
