
Microsoft Visual Studio Solution File, Format Version 12.00
# Visual Studio Version 16
VisualStudioVersion = 16.0.30320.27
MinimumVisualStudioVersion = 10.0.40219.1
Project("{FAE04EC0-301F-11D3-BF4B-00C04F79EFBC}") = "Day3Code", "Day3Code\Day3Code.csproj", "{1A4141BB-97E8-49CA-9C18-2E92104A890B}"
EndProject
Global
	GlobalSection(SolutionConfigurationPlatforms) = preSolution
		Debug|Any CPU = Debug|Any CPU
		Release|Any CPU = Release|Any CPU
	EndGlobalSection
	GlobalSection(ProjectConfigurationPlatforms) = postSolution
		{1A4141BB-97E8-49CA-9C18-2E92104A890B}.Debug|Any CPU.ActiveCfg = Debug|Any CPU
		{1A4141BB-97E8-49CA-9C18-2E92104A890B}.Debug|Any CPU.Build.0 = Debug|Any CPU
		{1A4141BB-97E8-49CA-9C18-2E92104A890B}.Release|Any CPU.ActiveCfg = Release|Any CPU
		{1A4141BB-97E8-49CA-9C18-2E92104A890B}.Release|Any CPU.Build.0 = Release|Any CPU
	EndGlobalSection
	GlobalSection(SolutionProperties) = preSolution
		HideSolutionNode = FALSE
	EndGlobalSection
	GlobalSection(ExtensibilityGlobals) = postSolution
		SolutionGuid = {6A99C256-972A-48F0-9C91-3E86EE3F25C8}
	EndGlobalSection
EndGlobal
