
Microsoft Visual Studio Solution File, Format Version 12.00
# Visual Studio Version 16
VisualStudioVersion = 16.0.30320.27
MinimumVisualStudioVersion = 10.0.40219.1
Project("{FAE04EC0-301F-11D3-BF4B-00C04F79EFBC}") = "Day6Code", "Day6Code\Day6Code.csproj", "{9E128763-01C1-4469-9DEA-AACCA79AB937}"
EndProject
Project("{FAE04EC0-301F-11D3-BF4B-00C04F79EFBC}") = "Day6Test", "Day6Test\Day6Test.csproj", "{BF656598-9A87-4DA2-8EF0-FBBBB83D611A}"
EndProject
Global
	GlobalSection(SolutionConfigurationPlatforms) = preSolution
		Debug|Any CPU = Debug|Any CPU
		Release|Any CPU = Release|Any CPU
	EndGlobalSection
	GlobalSection(ProjectConfigurationPlatforms) = postSolution
		{9E128763-01C1-4469-9DEA-AACCA79AB937}.Debug|Any CPU.ActiveCfg = Debug|Any CPU
		{9E128763-01C1-4469-9DEA-AACCA79AB937}.Debug|Any CPU.Build.0 = Debug|Any CPU
		{9E128763-01C1-4469-9DEA-AACCA79AB937}.Release|Any CPU.ActiveCfg = Release|Any CPU
		{9E128763-01C1-4469-9DEA-AACCA79AB937}.Release|Any CPU.Build.0 = Release|Any CPU
		{BF656598-9A87-4DA2-8EF0-FBBBB83D611A}.Debug|Any CPU.ActiveCfg = Debug|Any CPU
		{BF656598-9A87-4DA2-8EF0-FBBBB83D611A}.Debug|Any CPU.Build.0 = Debug|Any CPU
		{BF656598-9A87-4DA2-8EF0-FBBBB83D611A}.Release|Any CPU.ActiveCfg = Release|Any CPU
		{BF656598-9A87-4DA2-8EF0-FBBBB83D611A}.Release|Any CPU.Build.0 = Release|Any CPU
	EndGlobalSection
	GlobalSection(SolutionProperties) = preSolution
		HideSolutionNode = FALSE
	EndGlobalSection
	GlobalSection(ExtensibilityGlobals) = postSolution
		SolutionGuid = {FF7D45C6-9551-41AA-88D9-4115CF4218B4}
	EndGlobalSection
EndGlobal
