
Microsoft Visual Studio Solution File, Format Version 12.00
# Visual Studio Version 16
VisualStudioVersion = 16.0.30320.27
MinimumVisualStudioVersion = 10.0.40219.1
Project("{FAE04EC0-301F-11D3-BF4B-00C04F79EFBC}") = "Day8Code", "Day8Code\Day8Code.csproj", "{E7D64D81-1311-4A2D-91A3-4785F0FE5F3D}"
EndProject
Global
	GlobalSection(SolutionConfigurationPlatforms) = preSolution
		Debug|Any CPU = Debug|Any CPU
		Release|Any CPU = Release|Any CPU
	EndGlobalSection
	GlobalSection(ProjectConfigurationPlatforms) = postSolution
		{E7D64D81-1311-4A2D-91A3-4785F0FE5F3D}.Debug|Any CPU.ActiveCfg = Debug|Any CPU
		{E7D64D81-1311-4A2D-91A3-4785F0FE5F3D}.Debug|Any CPU.Build.0 = Debug|Any CPU
		{E7D64D81-1311-4A2D-91A3-4785F0FE5F3D}.Release|Any CPU.ActiveCfg = Release|Any CPU
		{E7D64D81-1311-4A2D-91A3-4785F0FE5F3D}.Release|Any CPU.Build.0 = Release|Any CPU
	EndGlobalSection
	GlobalSection(SolutionProperties) = preSolution
		HideSolutionNode = FALSE
	EndGlobalSection
	GlobalSection(ExtensibilityGlobals) = postSolution
		SolutionGuid = {79A2DA7D-D317-443B-9A13-D688DB025509}
	EndGlobalSection
EndGlobal
