
Microsoft Visual Studio Solution File, Format Version 12.00
# Visual Studio Version 16
VisualStudioVersion = 16.0.30804.86
MinimumVisualStudioVersion = 10.0.40219.1
Project("{FAE04EC0-301F-11D3-BF4B-00C04F79EFBC}") = "Day16Code", "Day16Code\Day16Code.csproj", "{AAE8A1F7-53BB-4904-A797-01F09B0109A6}"
EndProject
Project("{FAE04EC0-301F-11D3-BF4B-00C04F79EFBC}") = "Day16Test", "Day16Test\Day16Test.csproj", "{B78CBA78-96A4-4622-8849-211A6175882A}"
EndProject
Global
	GlobalSection(SolutionConfigurationPlatforms) = preSolution
		Debug|Any CPU = Debug|Any CPU
		Release|Any CPU = Release|Any CPU
	EndGlobalSection
	GlobalSection(ProjectConfigurationPlatforms) = postSolution
		{AAE8A1F7-53BB-4904-A797-01F09B0109A6}.Debug|Any CPU.ActiveCfg = Debug|Any CPU
		{AAE8A1F7-53BB-4904-A797-01F09B0109A6}.Debug|Any CPU.Build.0 = Debug|Any CPU
		{AAE8A1F7-53BB-4904-A797-01F09B0109A6}.Release|Any CPU.ActiveCfg = Release|Any CPU
		{AAE8A1F7-53BB-4904-A797-01F09B0109A6}.Release|Any CPU.Build.0 = Release|Any CPU
		{B78CBA78-96A4-4622-8849-211A6175882A}.Debug|Any CPU.ActiveCfg = Debug|Any CPU
		{B78CBA78-96A4-4622-8849-211A6175882A}.Debug|Any CPU.Build.0 = Debug|Any CPU
		{B78CBA78-96A4-4622-8849-211A6175882A}.Release|Any CPU.ActiveCfg = Release|Any CPU
		{B78CBA78-96A4-4622-8849-211A6175882A}.Release|Any CPU.Build.0 = Release|Any CPU
	EndGlobalSection
	GlobalSection(SolutionProperties) = preSolution
		HideSolutionNode = FALSE
	EndGlobalSection
	GlobalSection(ExtensibilityGlobals) = postSolution
		SolutionGuid = {E1214705-AEAB-4FFA-88A6-AD8086D9EC82}
	EndGlobalSection
EndGlobal
